
Microsoft Visual Studio Solution File, Format Version 12.00
Project("{FAE04EC0-301F-11D3-BF4B-00C04F79EFBC}") = "ContentPool.Application", "src\ContentPool.Application\ContentPool.Application.csproj", "{6635F0DB-986C-44D7-8651-7A0EB74CB66A}"
EndProject
Global
	GlobalSection(SolutionConfigurationPlatforms) = preSolution
		Debug|Any CPU = Debug|Any CPU
		Release|Any CPU = Release|Any CPU
	EndGlobalSection
	GlobalSection(ProjectConfigurationPlatforms) = postSolution
		{6635F0DB-986C-44D7-8651-7A0EB74CB66A}.Debug|Any CPU.ActiveCfg = Debug|Any CPU
		{6635F0DB-986C-44D7-8651-7A0EB74CB66A}.Debug|Any CPU.Build.0 = Debug|Any CPU
		{6635F0DB-986C-44D7-8651-7A0EB74CB66A}.Release|Any CPU.ActiveCfg = Release|Any CPU
		{6635F0DB-986C-44D7-8651-7A0EB74CB66A}.Release|Any CPU.Build.0 = Release|Any CPU
	EndGlobalSection
EndGlobal
